// !$*UTF8*$!
{
	archiveVersion = 1;
	classes = {
	};
	objectVersion = 48;
	objects = {

/* Begin PBXBuildFile section */
		4BC8E84416F458CA33F72E64 /* Pods_Mafia.framework in Frameworks */ = {isa = PBXBuildFile; fileRef = C58FADB8382C68342F0509CA /* Pods_Mafia.framework */; };
		4E07D5122009CD9E007E28AD /* UsernameViewController.swift in Sources */ = {isa = PBXBuildFile; fileRef = 4E07D5112009CD9E007E28AD /* UsernameViewController.swift */; };
		4E07D5142009D3AA007E28AD /* Lobbies.swift in Sources */ = {isa = PBXBuildFile; fileRef = 4E07D5132009D3AA007E28AD /* Lobbies.swift */; };
		4E07D5162009DB05007E28AD /* NewLobbyViewController.swift in Sources */ = {isa = PBXBuildFile; fileRef = 4E07D5152009DB05007E28AD /* NewLobbyViewController.swift */; };
		4E0D4AA420058C810002961C /* AppDelegate.swift in Sources */ = {isa = PBXBuildFile; fileRef = 4E0D4AA320058C800002961C /* AppDelegate.swift */; };
		4E0D4AA620058C810002961C /* ViewController.swift in Sources */ = {isa = PBXBuildFile; fileRef = 4E0D4AA520058C810002961C /* ViewController.swift */; };
		4E0D4AA920058C810002961C /* Main.storyboard in Resources */ = {isa = PBXBuildFile; fileRef = 4E0D4AA720058C810002961C /* Main.storyboard */; };
		4E0D4AAB20058C810002961C /* Assets.xcassets in Resources */ = {isa = PBXBuildFile; fileRef = 4E0D4AAA20058C810002961C /* Assets.xcassets */; };
		4E0D4AAE20058C810002961C /* LaunchScreen.storyboard in Resources */ = {isa = PBXBuildFile; fileRef = 4E0D4AAC20058C810002961C /* LaunchScreen.storyboard */; };
		4E0D4AB920058C810002961C /* MafiaTests.swift in Sources */ = {isa = PBXBuildFile; fileRef = 4E0D4AB820058C810002961C /* MafiaTests.swift */; };
		4E0D4AC420058FBC0002961C /* GoogleService-Info.plist in Resources */ = {isa = PBXBuildFile; fileRef = 4E0D4AC320058FBC0002961C /* GoogleService-Info.plist */; };
		4E0D4ACA2007C6540002961C /* SleepCycleViewController.swift in Sources */ = {isa = PBXBuildFile; fileRef = 4E0D4AC92007C6540002961C /* SleepCycleViewController.swift */; };
		4E0D4ACE2007D6000002961C /* PlayerListTVC.swift in Sources */ = {isa = PBXBuildFile; fileRef = 4E0D4ACD2007D6000002961C /* PlayerListTVC.swift */; };
		4E0D4AD02007D61A0002961C /* Players.swift in Sources */ = {isa = PBXBuildFile; fileRef = 4E0D4ACF2007D61A0002961C /* Players.swift */; };
		4E0D4AD22007EBE00002961C /* VotedViewController.swift in Sources */ = {isa = PBXBuildFile; fileRef = 4E0D4AD12007EBE00002961C /* VotedViewController.swift */; };
		A234738ABBE55A863D42B279 /* Pods_MafiaTests.framework in Frameworks */ = {isa = PBXBuildFile; fileRef = 622B19EFD25566CA8890A024 /* Pods_MafiaTests.framework */; };
/* End PBXBuildFile section */

/* Begin PBXContainerItemProxy section */
		4E0D4AB520058C810002961C /* PBXContainerItemProxy */ = {
			isa = PBXContainerItemProxy;
			containerPortal = 4E0D4A9820058C800002961C /* Project object */;
			proxyType = 1;
			remoteGlobalIDString = 4E0D4A9F20058C800002961C;
			remoteInfo = Mafia;
		};
/* End PBXContainerItemProxy section */

/* Begin PBXFileReference section */
		4E07D5112009CD9E007E28AD /* UsernameViewController.swift */ = {isa = PBXFileReference; lastKnownFileType = sourcecode.swift; path = UsernameViewController.swift; sourceTree = "<group>"; };
		4E07D5132009D3AA007E28AD /* Lobbies.swift */ = {isa = PBXFileReference; lastKnownFileType = sourcecode.swift; path = Lobbies.swift; sourceTree = "<group>"; };
		4E07D5152009DB05007E28AD /* NewLobbyViewController.swift */ = {isa = PBXFileReference; lastKnownFileType = sourcecode.swift; path = NewLobbyViewController.swift; sourceTree = "<group>"; };
		4E0D4AA020058C800002961C /* Mafia.app */ = {isa = PBXFileReference; explicitFileType = wrapper.application; includeInIndex = 0; path = Mafia.app; sourceTree = BUILT_PRODUCTS_DIR; };
		4E0D4AA320058C800002961C /* AppDelegate.swift */ = {isa = PBXFileReference; lastKnownFileType = sourcecode.swift; path = AppDelegate.swift; sourceTree = "<group>"; };
		4E0D4AA520058C810002961C /* ViewController.swift */ = {isa = PBXFileReference; lastKnownFileType = sourcecode.swift; path = ViewController.swift; sourceTree = "<group>"; };
		4E0D4AA820058C810002961C /* Base */ = {isa = PBXFileReference; lastKnownFileType = file.storyboard; name = Base; path = Base.lproj/Main.storyboard; sourceTree = "<group>"; };
		4E0D4AAA20058C810002961C /* Assets.xcassets */ = {isa = PBXFileReference; lastKnownFileType = folder.assetcatalog; path = Assets.xcassets; sourceTree = "<group>"; };
		4E0D4AAD20058C810002961C /* Base */ = {isa = PBXFileReference; lastKnownFileType = file.storyboard; name = Base; path = Base.lproj/LaunchScreen.storyboard; sourceTree = "<group>"; };
		4E0D4AAF20058C810002961C /* Info.plist */ = {isa = PBXFileReference; lastKnownFileType = text.plist.xml; path = Info.plist; sourceTree = "<group>"; };
		4E0D4AB420058C810002961C /* MafiaTests.xctest */ = {isa = PBXFileReference; explicitFileType = wrapper.cfbundle; includeInIndex = 0; path = MafiaTests.xctest; sourceTree = BUILT_PRODUCTS_DIR; };
		4E0D4AB820058C810002961C /* MafiaTests.swift */ = {isa = PBXFileReference; lastKnownFileType = sourcecode.swift; path = MafiaTests.swift; sourceTree = "<group>"; };
		4E0D4ABA20058C810002961C /* Info.plist */ = {isa = PBXFileReference; lastKnownFileType = text.plist.xml; path = Info.plist; sourceTree = "<group>"; };
		4E0D4AC320058FBC0002961C /* GoogleService-Info.plist */ = {isa = PBXFileReference; fileEncoding = 4; lastKnownFileType = text.plist.xml; name = "GoogleService-Info.plist"; path = "../../../../Downloads/GoogleService-Info.plist"; sourceTree = "<group>"; };
		4E0D4AC92007C6540002961C /* SleepCycleViewController.swift */ = {isa = PBXFileReference; lastKnownFileType = sourcecode.swift; path = SleepCycleViewController.swift; sourceTree = "<group>"; };
		4E0D4ACD2007D6000002961C /* PlayerListTVC.swift */ = {isa = PBXFileReference; lastKnownFileType = sourcecode.swift; path = PlayerListTVC.swift; sourceTree = "<group>"; };
		4E0D4ACF2007D61A0002961C /* Players.swift */ = {isa = PBXFileReference; lastKnownFileType = sourcecode.swift; path = Players.swift; sourceTree = "<group>"; };
		4E0D4AD12007EBE00002961C /* VotedViewController.swift */ = {isa = PBXFileReference; lastKnownFileType = sourcecode.swift; path = VotedViewController.swift; sourceTree = "<group>"; };
		5AF09F5D82C4F08D5B21F4AF /* Pods-Mafia.debug.xcconfig */ = {isa = PBXFileReference; includeInIndex = 1; lastKnownFileType = text.xcconfig; name = "Pods-Mafia.debug.xcconfig"; path = "Pods/Target Support Files/Pods-Mafia/Pods-Mafia.debug.xcconfig"; sourceTree = "<group>"; };
		622B19EFD25566CA8890A024 /* Pods_MafiaTests.framework */ = {isa = PBXFileReference; explicitFileType = wrapper.framework; includeInIndex = 0; path = Pods_MafiaTests.framework; sourceTree = BUILT_PRODUCTS_DIR; };
		8ED0AEB1CF15886BDA7ACAB1 /* Pods-MafiaTests.debug.xcconfig */ = {isa = PBXFileReference; includeInIndex = 1; lastKnownFileType = text.xcconfig; name = "Pods-MafiaTests.debug.xcconfig"; path = "Pods/Target Support Files/Pods-MafiaTests/Pods-MafiaTests.debug.xcconfig"; sourceTree = "<group>"; };
		95EF3996665DE7CD35495C27 /* Pods-MafiaTests.release.xcconfig */ = {isa = PBXFileReference; includeInIndex = 1; lastKnownFileType = text.xcconfig; name = "Pods-MafiaTests.release.xcconfig"; path = "Pods/Target Support Files/Pods-MafiaTests/Pods-MafiaTests.release.xcconfig"; sourceTree = "<group>"; };
		C58FADB8382C68342F0509CA /* Pods_Mafia.framework */ = {isa = PBXFileReference; explicitFileType = wrapper.framework; includeInIndex = 0; path = Pods_Mafia.framework; sourceTree = BUILT_PRODUCTS_DIR; };
		EF5E7356658CF0D0BE524867 /* Pods-Mafia.release.xcconfig */ = {isa = PBXFileReference; includeInIndex = 1; lastKnownFileType = text.xcconfig; name = "Pods-Mafia.release.xcconfig"; path = "Pods/Target Support Files/Pods-Mafia/Pods-Mafia.release.xcconfig"; sourceTree = "<group>"; };
/* End PBXFileReference section */

/* Begin PBXFrameworksBuildPhase section */
		4E0D4A9D20058C800002961C /* Frameworks */ = {
			isa = PBXFrameworksBuildPhase;
			buildActionMask = 2147483647;
			files = (
				4BC8E84416F458CA33F72E64 /* Pods_Mafia.framework in Frameworks */,
			);
			runOnlyForDeploymentPostprocessing = 0;
		};
		4E0D4AB120058C810002961C /* Frameworks */ = {
			isa = PBXFrameworksBuildPhase;
			buildActionMask = 2147483647;
			files = (
				A234738ABBE55A863D42B279 /* Pods_MafiaTests.framework in Frameworks */,
			);
			runOnlyForDeploymentPostprocessing = 0;
		};
/* End PBXFrameworksBuildPhase section */

/* Begin PBXGroup section */
		4E0D4A9720058C800002961C = {
			isa = PBXGroup;
			children = (
				4E0D4AA220058C800002961C /* Mafia */,
				4E0D4AB720058C810002961C /* MafiaTests */,
				4E0D4AA120058C800002961C /* Products */,
				504D2B8BED611843B317429E /* Pods */,
				FF686E5290BCD00471AC0C6C /* Frameworks */,
			);
			sourceTree = "<group>";
		};
		4E0D4AA120058C800002961C /* Products */ = {
			isa = PBXGroup;
			children = (
				4E0D4AA020058C800002961C /* Mafia.app */,
				4E0D4AB420058C810002961C /* MafiaTests.xctest */,
			);
			name = Products;
			sourceTree = "<group>";
		};
		4E0D4AA220058C800002961C /* Mafia */ = {
			isa = PBXGroup;
			children = (
				4E0D4AA320058C800002961C /* AppDelegate.swift */,
				4E07D5112009CD9E007E28AD /* UsernameViewController.swift */,
				4E0D4AA520058C810002961C /* ViewController.swift */,
				4E07D5152009DB05007E28AD /* NewLobbyViewController.swift */,
				4E0D4AC92007C6540002961C /* SleepCycleViewController.swift */,
				4E0D4ACD2007D6000002961C /* PlayerListTVC.swift */,
				4E0D4AD12007EBE00002961C /* VotedViewController.swift */,
				4E0D4ACF2007D61A0002961C /* Players.swift */,
				4E07D5132009D3AA007E28AD /* Lobbies.swift */,
				4E0D4AA720058C810002961C /* Main.storyboard */,
				4E0D4AAA20058C810002961C /* Assets.xcassets */,
				4E0D4AAC20058C810002961C /* LaunchScreen.storyboard */,
				4E0D4AC320058FBC0002961C /* GoogleService-Info.plist */,
				4E0D4AAF20058C810002961C /* Info.plist */,
			);
			path = Mafia;
			sourceTree = "<group>";
		};
		4E0D4AB720058C810002961C /* MafiaTests */ = {
			isa = PBXGroup;
			children = (
				4E0D4AB820058C810002961C /* MafiaTests.swift */,
				4E0D4ABA20058C810002961C /* Info.plist */,
			);
			path = MafiaTests;
			sourceTree = "<group>";
		};
		504D2B8BED611843B317429E /* Pods */ = {
			isa = PBXGroup;
			children = (
				5AF09F5D82C4F08D5B21F4AF /* Pods-Mafia.debug.xcconfig */,
				EF5E7356658CF0D0BE524867 /* Pods-Mafia.release.xcconfig */,
				8ED0AEB1CF15886BDA7ACAB1 /* Pods-MafiaTests.debug.xcconfig */,
				95EF3996665DE7CD35495C27 /* Pods-MafiaTests.release.xcconfig */,
			);
			name = Pods;
			sourceTree = "<group>";
		};
		FF686E5290BCD00471AC0C6C /* Frameworks */ = {
			isa = PBXGroup;
			children = (
				C58FADB8382C68342F0509CA /* Pods_Mafia.framework */,
				622B19EFD25566CA8890A024 /* Pods_MafiaTests.framework */,
			);
			name = Frameworks;
			sourceTree = "<group>";
		};
/* End PBXGroup section */

/* Begin PBXNativeTarget section */
		4E0D4A9F20058C800002961C /* Mafia */ = {
			isa = PBXNativeTarget;
			buildConfigurationList = 4E0D4ABD20058C810002961C /* Build configuration list for PBXNativeTarget "Mafia" */;
			buildPhases = (
				838746A656983A2D474FDB1F /* [CP] Check Pods Manifest.lock */,
				4E0D4A9C20058C800002961C /* Sources */,
				4E0D4A9D20058C800002961C /* Frameworks */,
				4E0D4A9E20058C800002961C /* Resources */,
				E151E6EB97D9E39430E587FA /* [CP] Embed Pods Frameworks */,
				0A3581292EEA41FF119D195A /* [CP] Copy Pods Resources */,
			);
			buildRules = (
			);
			dependencies = (
			);
			name = Mafia;
			productName = Mafia;
			productReference = 4E0D4AA020058C800002961C /* Mafia.app */;
			productType = "com.apple.product-type.application";
		};
		4E0D4AB320058C810002961C /* MafiaTests */ = {
			isa = PBXNativeTarget;
			buildConfigurationList = 4E0D4AC020058C810002961C /* Build configuration list for PBXNativeTarget "MafiaTests" */;
			buildPhases = (
				EF58E70C8F96E00745C86F0F /* [CP] Check Pods Manifest.lock */,
				4E0D4AB020058C810002961C /* Sources */,
				4E0D4AB120058C810002961C /* Frameworks */,
				4E0D4AB220058C810002961C /* Resources */,
				4B3B0B1CBEACC480037AB3FC /* [CP] Embed Pods Frameworks */,
				A28773BD72172C3681B483B7 /* [CP] Copy Pods Resources */,
			);
			buildRules = (
			);
			dependencies = (
				4E0D4AB620058C810002961C /* PBXTargetDependency */,
			);
			name = MafiaTests;
			productName = MafiaTests;
			productReference = 4E0D4AB420058C810002961C /* MafiaTests.xctest */;
			productType = "com.apple.product-type.bundle.unit-test";
		};
/* End PBXNativeTarget section */

/* Begin PBXProject section */
		4E0D4A9820058C800002961C /* Project object */ = {
			isa = PBXProject;
			attributes = {
				LastSwiftUpdateCheck = 0920;
				LastUpgradeCheck = 0920;
				ORGANIZATIONNAME = "Lauren White";
				TargetAttributes = {
					4E0D4A9F20058C800002961C = {
						CreatedOnToolsVersion = 9.2;
						ProvisioningStyle = Automatic;
					};
					4E0D4AB320058C810002961C = {
						CreatedOnToolsVersion = 9.2;
						ProvisioningStyle = Automatic;
						TestTargetID = 4E0D4A9F20058C800002961C;
					};
				};
			};
			buildConfigurationList = 4E0D4A9B20058C800002961C /* Build configuration list for PBXProject "Mafia" */;
			compatibilityVersion = "Xcode 8.0";
			developmentRegion = en;
			hasScannedForEncodings = 0;
			knownRegions = (
				en,
				Base,
			);
			mainGroup = 4E0D4A9720058C800002961C;
			productRefGroup = 4E0D4AA120058C800002961C /* Products */;
			projectDirPath = "";
			projectRoot = "";
			targets = (
				4E0D4A9F20058C800002961C /* Mafia */,
				4E0D4AB320058C810002961C /* MafiaTests */,
			);
		};
/* End PBXProject section */

/* Begin PBXResourcesBuildPhase section */
		4E0D4A9E20058C800002961C /* Resources */ = {
			isa = PBXResourcesBuildPhase;
			buildActionMask = 2147483647;
			files = (
				4E0D4AAE20058C810002961C /* LaunchScreen.storyboard in Resources */,
				4E0D4AC420058FBC0002961C /* GoogleService-Info.plist in Resources */,
				4E0D4AAB20058C810002961C /* Assets.xcassets in Resources */,
				4E0D4AA920058C810002961C /* Main.storyboard in Resources */,
			);
			runOnlyForDeploymentPostprocessing = 0;
		};
		4E0D4AB220058C810002961C /* Resources */ = {
			isa = PBXResourcesBuildPhase;
			buildActionMask = 2147483647;
			files = (
			);
			runOnlyForDeploymentPostprocessing = 0;
		};
/* End PBXResourcesBuildPhase section */

/* Begin PBXShellScriptBuildPhase section */
		0A3581292EEA41FF119D195A /* [CP] Copy Pods Resources */ = {
			isa = PBXShellScriptBuildPhase;
			buildActionMask = 2147483647;
			files = (
			);
			inputPaths = (
			);
			name = "[CP] Copy Pods Resources";
			outputPaths = (
			);
			runOnlyForDeploymentPostprocessing = 0;
			shellPath = /bin/sh;
			shellScript = "\"${SRCROOT}/Pods/Target Support Files/Pods-Mafia/Pods-Mafia-resources.sh\"\n";
			showEnvVarsInLog = 0;
		};
		4B3B0B1CBEACC480037AB3FC /* [CP] Embed Pods Frameworks */ = {
			isa = PBXShellScriptBuildPhase;
			buildActionMask = 2147483647;
			files = (
			);
			inputPaths = (
			);
			name = "[CP] Embed Pods Frameworks";
			outputPaths = (
			);
			runOnlyForDeploymentPostprocessing = 0;
			shellPath = /bin/sh;
			shellScript = "\"${SRCROOT}/Pods/Target Support Files/Pods-MafiaTests/Pods-MafiaTests-frameworks.sh\"\n";
			showEnvVarsInLog = 0;
		};
		838746A656983A2D474FDB1F /* [CP] Check Pods Manifest.lock */ = {
			isa = PBXShellScriptBuildPhase;
			buildActionMask = 2147483647;
			files = (
			);
			inputPaths = (
				"${PODS_PODFILE_DIR_PATH}/Podfile.lock",
				"${PODS_ROOT}/Manifest.lock",
			);
			name = "[CP] Check Pods Manifest.lock";
			outputPaths = (
				"$(DERIVED_FILE_DIR)/Pods-Mafia-checkManifestLockResult.txt",
			);
			runOnlyForDeploymentPostprocessing = 0;
			shellPath = /bin/sh;
			shellScript = "diff \"${PODS_PODFILE_DIR_PATH}/Podfile.lock\" \"${PODS_ROOT}/Manifest.lock\" > /dev/null\nif [ $? != 0 ] ; then\n    # print error to STDERR\n    echo \"error: The sandbox is not in sync with the Podfile.lock. Run 'pod install' or update your CocoaPods installation.\" >&2\n    exit 1\nfi\n# This output is used by Xcode 'outputs' to avoid re-running this script phase.\necho \"SUCCESS\" > \"${SCRIPT_OUTPUT_FILE_0}\"\n";
			showEnvVarsInLog = 0;
		};
		A28773BD72172C3681B483B7 /* [CP] Copy Pods Resources */ = {
			isa = PBXShellScriptBuildPhase;
			buildActionMask = 2147483647;
			files = (
			);
			inputPaths = (
			);
			name = "[CP] Copy Pods Resources";
			outputPaths = (
			);
			runOnlyForDeploymentPostprocessing = 0;
			shellPath = /bin/sh;
			shellScript = "\"${SRCROOT}/Pods/Target Support Files/Pods-MafiaTests/Pods-MafiaTests-resources.sh\"\n";
			showEnvVarsInLog = 0;
		};
		E151E6EB97D9E39430E587FA /* [CP] Embed Pods Frameworks */ = {
			isa = PBXShellScriptBuildPhase;
			buildActionMask = 2147483647;
			files = (
			);
			inputPaths = (
				"${SRCROOT}/Pods/Target Support Files/Pods-Mafia/Pods-Mafia-frameworks.sh",
				"${BUILT_PRODUCTS_DIR}/GoogleToolboxForMac/GoogleToolboxForMac.framework",
				"${BUILT_PRODUCTS_DIR}/leveldb-library/leveldb.framework",
				"${BUILT_PRODUCTS_DIR}/nanopb/nanopb.framework",
			);
			name = "[CP] Embed Pods Frameworks";
			outputPaths = (
				"${TARGET_BUILD_DIR}/${FRAMEWORKS_FOLDER_PATH}/GoogleToolboxForMac.framework",
				"${TARGET_BUILD_DIR}/${FRAMEWORKS_FOLDER_PATH}/leveldb.framework",
				"${TARGET_BUILD_DIR}/${FRAMEWORKS_FOLDER_PATH}/nanopb.framework",
			);
			runOnlyForDeploymentPostprocessing = 0;
			shellPath = /bin/sh;
			shellScript = "\"${SRCROOT}/Pods/Target Support Files/Pods-Mafia/Pods-Mafia-frameworks.sh\"\n";
			showEnvVarsInLog = 0;
		};
		EF58E70C8F96E00745C86F0F /* [CP] Check Pods Manifest.lock */ = {
			isa = PBXShellScriptBuildPhase;
			buildActionMask = 2147483647;
			files = (
			);
			inputPaths = (
				"${PODS_PODFILE_DIR_PATH}/Podfile.lock",
				"${PODS_ROOT}/Manifest.lock",
			);
			name = "[CP] Check Pods Manifest.lock";
			outputPaths = (
				"$(DERIVED_FILE_DIR)/Pods-MafiaTests-checkManifestLockResult.txt",
			);
			runOnlyForDeploymentPostprocessing = 0;
			shellPath = /bin/sh;
			shellScript = "diff \"${PODS_PODFILE_DIR_PATH}/Podfile.lock\" \"${PODS_ROOT}/Manifest.lock\" > /dev/null\nif [ $? != 0 ] ; then\n    # print error to STDERR\n    echo \"error: The sandbox is not in sync with the Podfile.lock. Run 'pod install' or update your CocoaPods installation.\" >&2\n    exit 1\nfi\n# This output is used by Xcode 'outputs' to avoid re-running this script phase.\necho \"SUCCESS\" > \"${SCRIPT_OUTPUT_FILE_0}\"\n";
			showEnvVarsInLog = 0;
		};
/* End PBXShellScriptBuildPhase section */

/* Begin PBXSourcesBuildPhase section */
		4E0D4A9C20058C800002961C /* Sources */ = {
			isa = PBXSourcesBuildPhase;
			buildActionMask = 2147483647;
			files = (
				4E07D5142009D3AA007E28AD /* Lobbies.swift in Sources */,
				4E07D5122009CD9E007E28AD /* UsernameViewController.swift in Sources */,
				4E0D4ACE2007D6000002961C /* PlayerListTVC.swift in Sources */,
				4E07D5162009DB05007E28AD /* NewLobbyViewController.swift in Sources */,
				4E0D4AD22007EBE00002961C /* VotedViewController.swift in Sources */,
				4E0D4AD02007D61A0002961C /* Players.swift in Sources */,
				4E0D4ACA2007C6540002961C /* SleepCycleViewController.swift in Sources */,
				4E0D4AA620058C810002961C /* ViewController.swift in Sources */,
				4E0D4AA420058C810002961C /* AppDelegate.swift in Sources */,
			);
			runOnlyForDeploymentPostprocessing = 0;
		};
		4E0D4AB020058C810002961C /* Sources */ = {
			isa = PBXSourcesBuildPhase;
			buildActionMask = 2147483647;
			files = (
				4E0D4AB920058C810002961C /* MafiaTests.swift in Sources */,
			);
			runOnlyForDeploymentPostprocessing = 0;
		};
/* End PBXSourcesBuildPhase section */

/* Begin PBXTargetDependency section */
		4E0D4AB620058C810002961C /* PBXTargetDependency */ = {
			isa = PBXTargetDependency;
			target = 4E0D4A9F20058C800002961C /* Mafia */;
			targetProxy = 4E0D4AB520058C810002961C /* PBXContainerItemProxy */;
		};
/* End PBXTargetDependency section */

/* Begin PBXVariantGroup section */
		4E0D4AA720058C810002961C /* Main.storyboard */ = {
			isa = PBXVariantGroup;
			children = (
				4E0D4AA820058C810002961C /* Base */,
			);
			name = Main.storyboard;
			sourceTree = "<group>";
		};
		4E0D4AAC20058C810002961C /* LaunchScreen.storyboard */ = {
			isa = PBXVariantGroup;
			children = (
				4E0D4AAD20058C810002961C /* Base */,
			);
			name = LaunchScreen.storyboard;
			sourceTree = "<group>";
		};
/* End PBXVariantGroup section */

/* Begin XCBuildConfiguration section */
		4E0D4ABB20058C810002961C /* Debug */ = {
			isa = XCBuildConfiguration;
			buildSettings = {
				ALWAYS_SEARCH_USER_PATHS = NO;
				CLANG_ANALYZER_NONNULL = YES;
				CLANG_ANALYZER_NUMBER_OBJECT_CONVERSION = YES_AGGRESSIVE;
				CLANG_CXX_LANGUAGE_STANDARD = "gnu++14";
				CLANG_CXX_LIBRARY = "libc++";
				CLANG_ENABLE_MODULES = YES;
				CLANG_ENABLE_OBJC_ARC = YES;
				CLANG_WARN_BLOCK_CAPTURE_AUTORELEASING = YES;
				CLANG_WARN_BOOL_CONVERSION = YES;
				CLANG_WARN_COMMA = YES;
				CLANG_WARN_CONSTANT_CONVERSION = YES;
				CLANG_WARN_DIRECT_OBJC_ISA_USAGE = YES_ERROR;
				CLANG_WARN_DOCUMENTATION_COMMENTS = YES;
				CLANG_WARN_EMPTY_BODY = YES;
				CLANG_WARN_ENUM_CONVERSION = YES;
				CLANG_WARN_INFINITE_RECURSION = YES;
				CLANG_WARN_INT_CONVERSION = YES;
				CLANG_WARN_NON_LITERAL_NULL_CONVERSION = YES;
				CLANG_WARN_OBJC_LITERAL_CONVERSION = YES;
				CLANG_WARN_OBJC_ROOT_CLASS = YES_ERROR;
				CLANG_WARN_RANGE_LOOP_ANALYSIS = YES;
				CLANG_WARN_STRICT_PROTOTYPES = YES;
				CLANG_WARN_SUSPICIOUS_MOVE = YES;
				CLANG_WARN_UNGUARDED_AVAILABILITY = YES_AGGRESSIVE;
				CLANG_WARN_UNREACHABLE_CODE = YES;
				CLANG_WARN__DUPLICATE_METHOD_MATCH = YES;
				CODE_SIGN_IDENTITY = "iPhone Developer";
				COPY_PHASE_STRIP = NO;
				DEBUG_INFORMATION_FORMAT = dwarf;
				ENABLE_STRICT_OBJC_MSGSEND = YES;
				ENABLE_TESTABILITY = YES;
				GCC_C_LANGUAGE_STANDARD = gnu11;
				GCC_DYNAMIC_NO_PIC = NO;
				GCC_NO_COMMON_BLOCKS = YES;
				GCC_OPTIMIZATION_LEVEL = 0;
				GCC_PREPROCESSOR_DEFINITIONS = (
					"DEBUG=1",
					"$(inherited)",
				);
				GCC_WARN_64_TO_32_BIT_CONVERSION = YES;
				GCC_WARN_ABOUT_RETURN_TYPE = YES_ERROR;
				GCC_WARN_UNDECLARED_SELECTOR = YES;
				GCC_WARN_UNINITIALIZED_AUTOS = YES_AGGRESSIVE;
				GCC_WARN_UNUSED_FUNCTION = YES;
				GCC_WARN_UNUSED_VARIABLE = YES;
				IPHONEOS_DEPLOYMENT_TARGET = 11.2;
				MTL_ENABLE_DEBUG_INFO = YES;
				ONLY_ACTIVE_ARCH = YES;
				SDKROOT = iphoneos;
				SWIFT_ACTIVE_COMPILATION_CONDITIONS = DEBUG;
				SWIFT_OPTIMIZATION_LEVEL = "-Onone";
			};
			name = Debug;
		};
		4E0D4ABC20058C810002961C /* Release */ = {
			isa = XCBuildConfiguration;
			buildSettings = {
				ALWAYS_SEARCH_USER_PATHS = NO;
				CLANG_ANALYZER_NONNULL = YES;
				CLANG_ANALYZER_NUMBER_OBJECT_CONVERSION = YES_AGGRESSIVE;
				CLANG_CXX_LANGUAGE_STANDARD = "gnu++14";
				CLANG_CXX_LIBRARY = "libc++";
				CLANG_ENABLE_MODULES = YES;
				CLANG_ENABLE_OBJC_ARC = YES;
				CLANG_WARN_BLOCK_CAPTURE_AUTORELEASING = YES;
				CLANG_WARN_BOOL_CONVERSION = YES;
				CLANG_WARN_COMMA = YES;
				CLANG_WARN_CONSTANT_CONVERSION = YES;
				CLANG_WARN_DIRECT_OBJC_ISA_USAGE = YES_ERROR;
				CLANG_WARN_DOCUMENTATION_COMMENTS = YES;
				CLANG_WARN_EMPTY_BODY = YES;
				CLANG_WARN_ENUM_CONVERSION = YES;
				CLANG_WARN_INFINITE_RECURSION = YES;
				CLANG_WARN_INT_CONVERSION = YES;
				CLANG_WARN_NON_LITERAL_NULL_CONVERSION = YES;
				CLANG_WARN_OBJC_LITERAL_CONVERSION = YES;
				CLANG_WARN_OBJC_ROOT_CLASS = YES_ERROR;
				CLANG_WARN_RANGE_LOOP_ANALYSIS = YES;
				CLANG_WARN_STRICT_PROTOTYPES = YES;
				CLANG_WARN_SUSPICIOUS_MOVE = YES;
				CLANG_WARN_UNGUARDED_AVAILABILITY = YES_AGGRESSIVE;
				CLANG_WARN_UNREACHABLE_CODE = YES;
				CLANG_WARN__DUPLICATE_METHOD_MATCH = YES;
				CODE_SIGN_IDENTITY = "iPhone Developer";
				COPY_PHASE_STRIP = NO;
				DEBUG_INFORMATION_FORMAT = "dwarf-with-dsym";
				ENABLE_NS_ASSERTIONS = NO;
				ENABLE_STRICT_OBJC_MSGSEND = YES;
				GCC_C_LANGUAGE_STANDARD = gnu11;
				GCC_NO_COMMON_BLOCKS = YES;
				GCC_WARN_64_TO_32_BIT_CONVERSION = YES;
				GCC_WARN_ABOUT_RETURN_TYPE = YES_ERROR;
				GCC_WARN_UNDECLARED_SELECTOR = YES;
				GCC_WARN_UNINITIALIZED_AUTOS = YES_AGGRESSIVE;
				GCC_WARN_UNUSED_FUNCTION = YES;
				GCC_WARN_UNUSED_VARIABLE = YES;
				IPHONEOS_DEPLOYMENT_TARGET = 11.2;
				MTL_ENABLE_DEBUG_INFO = NO;
				SDKROOT = iphoneos;
				SWIFT_OPTIMIZATION_LEVEL = "-Owholemodule";
				VALIDATE_PRODUCT = YES;
			};
			name = Release;
		};
		4E0D4ABE20058C810002961C /* Debug */ = {
			isa = XCBuildConfiguration;
			baseConfigurationReference = 5AF09F5D82C4F08D5B21F4AF /* Pods-Mafia.debug.xcconfig */;
			buildSettings = {
				ASSETCATALOG_COMPILER_APPICON_NAME = AppIcon;
				CODE_SIGN_STYLE = Automatic;
				INFOPLIST_FILE = Mafia/Info.plist;
				LD_RUNPATH_SEARCH_PATHS = "$(inherited) @executable_path/Frameworks";
				PRODUCT_BUNDLE_IDENTIFIER = com.laurenwhite.Mafia;
				PRODUCT_NAME = "$(TARGET_NAME)";
				SWIFT_VERSION = 4.0;
				TARGETED_DEVICE_FAMILY = "1,2";
			};
			name = Debug;
		};
		4E0D4ABF20058C810002961C /* Release */ = {
			isa = XCBuildConfiguration;
			baseConfigurationReference = EF5E7356658CF0D0BE524867 /* Pods-Mafia.release.xcconfig */;
			buildSettings = {
				ASSETCATALOG_COMPILER_APPICON_NAME = AppIcon;
				CODE_SIGN_STYLE = Automatic;
				INFOPLIST_FILE = Mafia/Info.plist;
				LD_RUNPATH_SEARCH_PATHS = "$(inherited) @executable_path/Frameworks";
				PRODUCT_BUNDLE_IDENTIFIER = com.laurenwhite.Mafia;
				PRODUCT_NAME = "$(TARGET_NAME)";
				SWIFT_VERSION = 4.0;
				TARGETED_DEVICE_FAMILY = "1,2";
			};
			name = Release;
		};
		4E0D4AC120058C810002961C /* Debug */ = {
			isa = XCBuildConfiguration;
			baseConfigurationReference = 8ED0AEB1CF15886BDA7ACAB1 /* Pods-MafiaTests.debug.xcconfig */;
			buildSettings = {
				ALWAYS_EMBED_SWIFT_STANDARD_LIBRARIES = YES;
				BUNDLE_LOADER = "$(TEST_HOST)";
				CODE_SIGN_STYLE = Automatic;
				INFOPLIST_FILE = MafiaTests/Info.plist;
				LD_RUNPATH_SEARCH_PATHS = "$(inherited) @executable_path/Frameworks @loader_path/Frameworks";
				PRODUCT_BUNDLE_IDENTIFIER = com.laurenwhite.MafiaTests;
				PRODUCT_NAME = "$(TARGET_NAME)";
				SWIFT_VERSION = 4.0;
				TARGETED_DEVICE_FAMILY = "1,2";
				TEST_HOST = "$(BUILT_PRODUCTS_DIR)/Mafia.app/Mafia";
			};
			name = Debug;
		};
		4E0D4AC220058C810002961C /* Release */ = {
			isa = XCBuildConfiguration;
			baseConfigurationReference = 95EF3996665DE7CD35495C27 /* Pods-MafiaTests.release.xcconfig */;
			buildSettings = {
				ALWAYS_EMBED_SWIFT_STANDARD_LIBRARIES = YES;
				BUNDLE_LOADER = "$(TEST_HOST)";
				CODE_SIGN_STYLE = Automatic;
				INFOPLIST_FILE = MafiaTests/Info.plist;
				LD_RUNPATH_SEARCH_PATHS = "$(inherited) @executable_path/Frameworks @loader_path/Frameworks";
				PRODUCT_BUNDLE_IDENTIFIER = com.laurenwhite.MafiaTests;
				PRODUCT_NAME = "$(TARGET_NAME)";
				SWIFT_VERSION = 4.0;
				TARGETED_DEVICE_FAMILY = "1,2";
				TEST_HOST = "$(BUILT_PRODUCTS_DIR)/Mafia.app/Mafia";
			};
			name = Release;
		};
/* End XCBuildConfiguration section */

/* Begin XCConfigurationList section */
		4E0D4A9B20058C800002961C /* Build configuration list for PBXProject "Mafia" */ = {
			isa = XCConfigurationList;
			buildConfigurations = (
				4E0D4ABB20058C810002961C /* Debug */,
				4E0D4ABC20058C810002961C /* Release */,
			);
			defaultConfigurationIsVisible = 0;
			defaultConfigurationName = Release;
		};
		4E0D4ABD20058C810002961C /* Build configuration list for PBXNativeTarget "Mafia" */ = {
			isa = XCConfigurationList;
			buildConfigurations = (
				4E0D4ABE20058C810002961C /* Debug */,
				4E0D4ABF20058C810002961C /* Release */,
			);
			defaultConfigurationIsVisible = 0;
			defaultConfigurationName = Release;
		};
		4E0D4AC020058C810002961C /* Build configuration list for PBXNativeTarget "MafiaTests" */ = {
			isa = XCConfigurationList;
			buildConfigurations = (
				4E0D4AC120058C810002961C /* Debug */,
				4E0D4AC220058C810002961C /* Release */,
			);
			defaultConfigurationIsVisible = 0;
			defaultConfigurationName = Release;
		};
/* End XCConfigurationList section */
	};
	rootObject = 4E0D4A9820058C800002961C /* Project object */;
}
